# This file is automatically @generated by Cargo.
# It is not intended for manual editing.
version = 3

[[package]]
name = "tcc-core"
version = "0.0.0"
dependencies = [
 "tcc-ir",
 "tcc-state",
]

[[package]]
name = "tcc-host"
version = "0.0.0"
dependencies = [
 "tcc-core",
 "tcc-ir",
 "tcc-state",
]

[[package]]
name = "tcc-ir"
version = "0.0.0"

[[package]]
name = "tcc-state"
version = "0.0.0"

[[package]]
name = "tcc-wasm"
version = "0.0.0"
dependencies = [
 "tcc-core",
 "tcc-ir",
]
